// !$*UTF8*$!
{
	archiveVersion = 1;
	classes = {
	};
	objectVersion = 56;
	objects = {

/* Begin PBXBuildFile section */
		50B5737828E0D09A00618251 /* HeartstoneAssessmentApp.swift in Sources */ = {isa = PBXBuildFile; fileRef = 50B5737728E0D09A00618251 /* HeartstoneAssessmentApp.swift */; };
		50B5737C28E0D09C00618251 /* Assets.xcassets in Resources */ = {isa = PBXBuildFile; fileRef = 50B5737B28E0D09C00618251 /* Assets.xcassets */; };
		50B5737F28E0D09C00618251 /* Preview Assets.xcassets in Resources */ = {isa = PBXBuildFile; fileRef = 50B5737E28E0D09C00618251 /* Preview Assets.xcassets */; };
		50B5738928E0D09C00618251 /* HeartstoneAssessmentTests.swift in Sources */ = {isa = PBXBuildFile; fileRef = 50B5738828E0D09C00618251 /* HeartstoneAssessmentTests.swift */; };
		50B5739328E0D09C00618251 /* HeartstoneAssessmentUITests.swift in Sources */ = {isa = PBXBuildFile; fileRef = 50B5739228E0D09C00618251 /* HeartstoneAssessmentUITests.swift */; };
		50B5739528E0D09C00618251 /* HeartstoneAssessmentUITestsLaunchTests.swift in Sources */ = {isa = PBXBuildFile; fileRef = 50B5739428E0D09C00618251 /* HeartstoneAssessmentUITestsLaunchTests.swift */; };
		50B573A228E0D17200618251 /* cards.json in Resources */ = {isa = PBXBuildFile; fileRef = 50B573A128E0D17200618251 /* cards.json */; };
		50B573A428E0D1F300618251 /* README.md in Resources */ = {isa = PBXBuildFile; fileRef = 50B573A328E0D1F300618251 /* README.md */; };
		50B573A628E0D60E00618251 /* CardsList.swift in Sources */ = {isa = PBXBuildFile; fileRef = 50B573A528E0D60E00618251 /* CardsList.swift */; };
		50B573A828E0D75200618251 /* Card.swift in Sources */ = {isa = PBXBuildFile; fileRef = 50B573A728E0D75200618251 /* Card.swift */; };
		50B573AA28E0D76400618251 /* Mechanic.swift in Sources */ = {isa = PBXBuildFile; fileRef = 50B573A928E0D76400618251 /* Mechanic.swift */; };
		50B573AE28E1A52A00618251 /* Parser.swift in Sources */ = {isa = PBXBuildFile; fileRef = 50B573AD28E1A52A00618251 /* Parser.swift */; };
		50B573B128E1A68800618251 /* DataWorker.swift in Sources */ = {isa = PBXBuildFile; fileRef = 50B573B028E1A68800618251 /* DataWorker.swift */; };
		50B573B328E1A7BC00618251 /* MainGridView.swift in Sources */ = {isa = PBXBuildFile; fileRef = 50B573B228E1A7BC00618251 /* MainGridView.swift */; };
		50B573B528E1A7CC00618251 /* MainGridViewModel.swift in Sources */ = {isa = PBXBuildFile; fileRef = 50B573B428E1A7CC00618251 /* MainGridViewModel.swift */; };
/* End PBXBuildFile section */

/* Begin PBXContainerItemProxy section */
		50B5738528E0D09C00618251 /* PBXContainerItemProxy */ = {
			isa = PBXContainerItemProxy;
			containerPortal = 50B5736C28E0D09A00618251 /* Project object */;
			proxyType = 1;
			remoteGlobalIDString = 50B5737328E0D09A00618251;
			remoteInfo = HeartstoneAssessment;
		};
		50B5738F28E0D09C00618251 /* PBXContainerItemProxy */ = {
			isa = PBXContainerItemProxy;
			containerPortal = 50B5736C28E0D09A00618251 /* Project object */;
			proxyType = 1;
			remoteGlobalIDString = 50B5737328E0D09A00618251;
			remoteInfo = HeartstoneAssessment;
		};
/* End PBXContainerItemProxy section */

/* Begin PBXFileReference section */
		50B5737428E0D09A00618251 /* HeartstoneAssessment.app */ = {isa = PBXFileReference; explicitFileType = wrapper.application; includeInIndex = 0; path = HeartstoneAssessment.app; sourceTree = BUILT_PRODUCTS_DIR; };
		50B5737728E0D09A00618251 /* HeartstoneAssessmentApp.swift */ = {isa = PBXFileReference; lastKnownFileType = sourcecode.swift; path = HeartstoneAssessmentApp.swift; sourceTree = "<group>"; };
		50B5737B28E0D09C00618251 /* Assets.xcassets */ = {isa = PBXFileReference; lastKnownFileType = folder.assetcatalog; path = Assets.xcassets; sourceTree = "<group>"; };
		50B5737E28E0D09C00618251 /* Preview Assets.xcassets */ = {isa = PBXFileReference; lastKnownFileType = folder.assetcatalog; path = "Preview Assets.xcassets"; sourceTree = "<group>"; };
		50B5738428E0D09C00618251 /* HeartstoneAssessmentTests.xctest */ = {isa = PBXFileReference; explicitFileType = wrapper.cfbundle; includeInIndex = 0; path = HeartstoneAssessmentTests.xctest; sourceTree = BUILT_PRODUCTS_DIR; };
		50B5738828E0D09C00618251 /* HeartstoneAssessmentTests.swift */ = {isa = PBXFileReference; lastKnownFileType = sourcecode.swift; path = HeartstoneAssessmentTests.swift; sourceTree = "<group>"; };
		50B5738E28E0D09C00618251 /* HeartstoneAssessmentUITests.xctest */ = {isa = PBXFileReference; explicitFileType = wrapper.cfbundle; includeInIndex = 0; path = HeartstoneAssessmentUITests.xctest; sourceTree = BUILT_PRODUCTS_DIR; };
		50B5739228E0D09C00618251 /* HeartstoneAssessmentUITests.swift */ = {isa = PBXFileReference; lastKnownFileType = sourcecode.swift; path = HeartstoneAssessmentUITests.swift; sourceTree = "<group>"; };
		50B5739428E0D09C00618251 /* HeartstoneAssessmentUITestsLaunchTests.swift */ = {isa = PBXFileReference; lastKnownFileType = sourcecode.swift; path = HeartstoneAssessmentUITestsLaunchTests.swift; sourceTree = "<group>"; };
		50B573A128E0D17200618251 /* cards.json */ = {isa = PBXFileReference; fileEncoding = 4; lastKnownFileType = text.json; path = cards.json; sourceTree = SOURCE_ROOT; };
		50B573A328E0D1F300618251 /* README.md */ = {isa = PBXFileReference; fileEncoding = 4; lastKnownFileType = net.daringfireball.markdown; path = README.md; sourceTree = SOURCE_ROOT; };
		50B573A528E0D60E00618251 /* CardsList.swift */ = {isa = PBXFileReference; lastKnownFileType = sourcecode.swift; path = CardsList.swift; sourceTree = "<group>"; };
		50B573A728E0D75200618251 /* Card.swift */ = {isa = PBXFileReference; lastKnownFileType = sourcecode.swift; path = Card.swift; sourceTree = "<group>"; };
		50B573A928E0D76400618251 /* Mechanic.swift */ = {isa = PBXFileReference; lastKnownFileType = sourcecode.swift; path = Mechanic.swift; sourceTree = "<group>"; };
		50B573AD28E1A52A00618251 /* Parser.swift */ = {isa = PBXFileReference; lastKnownFileType = sourcecode.swift; path = Parser.swift; sourceTree = "<group>"; };
		50B573B028E1A68800618251 /* DataWorker.swift */ = {isa = PBXFileReference; lastKnownFileType = sourcecode.swift; path = DataWorker.swift; sourceTree = "<group>"; };
		50B573B228E1A7BC00618251 /* MainGridView.swift */ = {isa = PBXFileReference; lastKnownFileType = sourcecode.swift; path = MainGridView.swift; sourceTree = "<group>"; };
		50B573B428E1A7CC00618251 /* MainGridViewModel.swift */ = {isa = PBXFileReference; lastKnownFileType = sourcecode.swift; path = MainGridViewModel.swift; sourceTree = "<group>"; };
		50B573B928E1B13800618251 /* Info.plist */ = {isa = PBXFileReference; lastKnownFileType = text.plist; path = Info.plist; sourceTree = "<group>"; };
/* End PBXFileReference section */

/* Begin PBXFrameworksBuildPhase section */
		50B5737128E0D09A00618251 /* Frameworks */ = {
			isa = PBXFrameworksBuildPhase;
			buildActionMask = 2147483647;
			files = (
			);
			runOnlyForDeploymentPostprocessing = 0;
		};
		50B5738128E0D09C00618251 /* Frameworks */ = {
			isa = PBXFrameworksBuildPhase;
			buildActionMask = 2147483647;
			files = (
			);
			runOnlyForDeploymentPostprocessing = 0;
		};
		50B5738B28E0D09C00618251 /* Frameworks */ = {
			isa = PBXFrameworksBuildPhase;
			buildActionMask = 2147483647;
			files = (
			);
			runOnlyForDeploymentPostprocessing = 0;
		};
/* End PBXFrameworksBuildPhase section */

/* Begin PBXGroup section */
		50B5736B28E0D09A00618251 = {
			isa = PBXGroup;
			children = (
				50B5737628E0D09A00618251 /* HeartstoneAssessment */,
				50B5738728E0D09C00618251 /* HeartstoneAssessmentTests */,
				50B5739128E0D09C00618251 /* HeartstoneAssessmentUITests */,
				50B5737528E0D09A00618251 /* Products */,
			);
			sourceTree = "<group>";
		};
		50B5737528E0D09A00618251 /* Products */ = {
			isa = PBXGroup;
			children = (
				50B5737428E0D09A00618251 /* HeartstoneAssessment.app */,
				50B5738428E0D09C00618251 /* HeartstoneAssessmentTests.xctest */,
				50B5738E28E0D09C00618251 /* HeartstoneAssessmentUITests.xctest */,
			);
			name = Products;
			sourceTree = "<group>";
		};
		50B5737628E0D09A00618251 /* HeartstoneAssessment */ = {
			isa = PBXGroup;
			children = (
				50B573B928E1B13800618251 /* Info.plist */,
				50B573A328E0D1F300618251 /* README.md */,
				50B573A128E0D17200618251 /* cards.json */,
				50B5737728E0D09A00618251 /* HeartstoneAssessmentApp.swift */,
				50B5737B28E0D09C00618251 /* Assets.xcassets */,
				50B5737D28E0D09C00618251 /* Preview Content */,
				50B573AB28E0D77A00618251 /* Model */,
				50B573B828E1A7ED00618251 /* ViewModel */,
				50B573B728E1A7DA00618251 /* View */,
			);
			path = HeartstoneAssessment;
			sourceTree = "<group>";
		};
		50B5737D28E0D09C00618251 /* Preview Content */ = {
			isa = PBXGroup;
			children = (
				50B5737E28E0D09C00618251 /* Preview Assets.xcassets */,
			);
			path = "Preview Content";
			sourceTree = "<group>";
		};
		50B5738728E0D09C00618251 /* HeartstoneAssessmentTests */ = {
			isa = PBXGroup;
			children = (
				50B5738828E0D09C00618251 /* HeartstoneAssessmentTests.swift */,
			);
			path = HeartstoneAssessmentTests;
			sourceTree = "<group>";
		};
		50B5739128E0D09C00618251 /* HeartstoneAssessmentUITests */ = {
			isa = PBXGroup;
			children = (
				50B5739228E0D09C00618251 /* HeartstoneAssessmentUITests.swift */,
				50B5739428E0D09C00618251 /* HeartstoneAssessmentUITestsLaunchTests.swift */,
			);
			path = HeartstoneAssessmentUITests;
			sourceTree = "<group>";
		};
		50B573AB28E0D77A00618251 /* Model */ = {
			isa = PBXGroup;
			children = (
				50B573AF28E1A66C00618251 /* Service */,
				50B573AC28E0D78000618251 /* Entity */,
			);
			path = Model;
			sourceTree = "<group>";
		};
		50B573AC28E0D78000618251 /* Entity */ = {
			isa = PBXGroup;
			children = (
				50B573A528E0D60E00618251 /* CardsList.swift */,
				50B573A728E0D75200618251 /* Card.swift */,
				50B573A928E0D76400618251 /* Mechanic.swift */,
			);
			path = Entity;
			sourceTree = "<group>";
		};
		50B573AF28E1A66C00618251 /* Service */ = {
			isa = PBXGroup;
			children = (
				50B573AD28E1A52A00618251 /* Parser.swift */,
				50B573B028E1A68800618251 /* DataWorker.swift */,
			);
			path = Service;
			sourceTree = "<group>";
		};
		50B573B628E1A7D400618251 /* MainGridView */ = {
			isa = PBXGroup;
			children = (
				50B573B228E1A7BC00618251 /* MainGridView.swift */,
			);
			path = MainGridView;
			sourceTree = "<group>";
		};
		50B573B728E1A7DA00618251 /* View */ = {
			isa = PBXGroup;
			children = (
				50B573B628E1A7D400618251 /* MainGridView */,
			);
			path = View;
			sourceTree = "<group>";
		};
		50B573B828E1A7ED00618251 /* ViewModel */ = {
			isa = PBXGroup;
			children = (
				50B573B428E1A7CC00618251 /* MainGridViewModel.swift */,
			);
			path = ViewModel;
			sourceTree = "<group>";
		};
/* End PBXGroup section */

/* Begin PBXNativeTarget section */
		50B5737328E0D09A00618251 /* HeartstoneAssessment */ = {
			isa = PBXNativeTarget;
			buildConfigurationList = 50B5739828E0D09C00618251 /* Build configuration list for PBXNativeTarget "HeartstoneAssessment" */;
			buildPhases = (
				50B5737028E0D09A00618251 /* Sources */,
				50B5737128E0D09A00618251 /* Frameworks */,
				50B5737228E0D09A00618251 /* Resources */,
			);
			buildRules = (
			);
			dependencies = (
			);
			name = HeartstoneAssessment;
			productName = HeartstoneAssessment;
			productReference = 50B5737428E0D09A00618251 /* HeartstoneAssessment.app */;
			productType = "com.apple.product-type.application";
		};
		50B5738328E0D09C00618251 /* HeartstoneAssessmentTests */ = {
			isa = PBXNativeTarget;
			buildConfigurationList = 50B5739B28E0D09C00618251 /* Build configuration list for PBXNativeTarget "HeartstoneAssessmentTests" */;
			buildPhases = (
				50B5738028E0D09C00618251 /* Sources */,
				50B5738128E0D09C00618251 /* Frameworks */,
				50B5738228E0D09C00618251 /* Resources */,
			);
			buildRules = (
			);
			dependencies = (
				50B5738628E0D09C00618251 /* PBXTargetDependency */,
			);
			name = HeartstoneAssessmentTests;
			productName = HeartstoneAssessmentTests;
			productReference = 50B5738428E0D09C00618251 /* HeartstoneAssessmentTests.xctest */;
			productType = "com.apple.product-type.bundle.unit-test";
		};
		50B5738D28E0D09C00618251 /* HeartstoneAssessmentUITests */ = {
			isa = PBXNativeTarget;
			buildConfigurationList = 50B5739E28E0D09C00618251 /* Build configuration list for PBXNativeTarget "HeartstoneAssessmentUITests" */;
			buildPhases = (
				50B5738A28E0D09C00618251 /* Sources */,
				50B5738B28E0D09C00618251 /* Frameworks */,
				50B5738C28E0D09C00618251 /* Resources */,
			);
			buildRules = (
			);
			dependencies = (
				50B5739028E0D09C00618251 /* PBXTargetDependency */,
			);
			name = HeartstoneAssessmentUITests;
			productName = HeartstoneAssessmentUITests;
			productReference = 50B5738E28E0D09C00618251 /* HeartstoneAssessmentUITests.xctest */;
			productType = "com.apple.product-type.bundle.ui-testing";
		};
/* End PBXNativeTarget section */

/* Begin PBXProject section */
		50B5736C28E0D09A00618251 /* Project object */ = {
			isa = PBXProject;
			attributes = {
				BuildIndependentTargetsInParallel = 1;
				LastSwiftUpdateCheck = 1400;
				LastUpgradeCheck = 1400;
				TargetAttributes = {
					50B5737328E0D09A00618251 = {
						CreatedOnToolsVersion = 14.0;
					};
					50B5738328E0D09C00618251 = {
						CreatedOnToolsVersion = 14.0;
						TestTargetID = 50B5737328E0D09A00618251;
					};
					50B5738D28E0D09C00618251 = {
						CreatedOnToolsVersion = 14.0;
						TestTargetID = 50B5737328E0D09A00618251;
					};
				};
			};
			buildConfigurationList = 50B5736F28E0D09A00618251 /* Build configuration list for PBXProject "HeartstoneAssessment" */;
			compatibilityVersion = "Xcode 14.0";
			developmentRegion = en;
			hasScannedForEncodings = 0;
			knownRegions = (
				en,
				Base,
			);
			mainGroup = 50B5736B28E0D09A00618251;
			productRefGroup = 50B5737528E0D09A00618251 /* Products */;
			projectDirPath = "";
			projectRoot = "";
			targets = (
				50B5737328E0D09A00618251 /* HeartstoneAssessment */,
				50B5738328E0D09C00618251 /* HeartstoneAssessmentTests */,
				50B5738D28E0D09C00618251 /* HeartstoneAssessmentUITests */,
			);
		};
/* End PBXProject section */

/* Begin PBXResourcesBuildPhase section */
		50B5737228E0D09A00618251 /* Resources */ = {
			isa = PBXResourcesBuildPhase;
			buildActionMask = 2147483647;
			files = (
				50B5737F28E0D09C00618251 /* Preview Assets.xcassets in Resources */,
				50B573A228E0D17200618251 /* cards.json in Resources */,
				50B573A428E0D1F300618251 /* README.md in Resources */,
				50B5737C28E0D09C00618251 /* Assets.xcassets in Resources */,
			);
			runOnlyForDeploymentPostprocessing = 0;
		};
		50B5738228E0D09C00618251 /* Resources */ = {
			isa = PBXResourcesBuildPhase;
			buildActionMask = 2147483647;
			files = (
			);
			runOnlyForDeploymentPostprocessing = 0;
		};
		50B5738C28E0D09C00618251 /* Resources */ = {
			isa = PBXResourcesBuildPhase;
			buildActionMask = 2147483647;
			files = (
			);
			runOnlyForDeploymentPostprocessing = 0;
		};
/* End PBXResourcesBuildPhase section */

/* Begin PBXSourcesBuildPhase section */
		50B5737028E0D09A00618251 /* Sources */ = {
			isa = PBXSourcesBuildPhase;
			buildActionMask = 2147483647;
			files = (
				50B5737828E0D09A00618251 /* HeartstoneAssessmentApp.swift in Sources */,
				50B573AE28E1A52A00618251 /* Parser.swift in Sources */,
				50B573B528E1A7CC00618251 /* MainGridViewModel.swift in Sources */,
				50B573B328E1A7BC00618251 /* MainGridView.swift in Sources */,
				50B573AA28E0D76400618251 /* Mechanic.swift in Sources */,
				50B573B128E1A68800618251 /* DataWorker.swift in Sources */,
				50B573A628E0D60E00618251 /* CardsList.swift in Sources */,
				50B573A828E0D75200618251 /* Card.swift in Sources */,
			);
			runOnlyForDeploymentPostprocessing = 0;
		};
		50B5738028E0D09C00618251 /* Sources */ = {
			isa = PBXSourcesBuildPhase;
			buildActionMask = 2147483647;
			files = (
				50B5738928E0D09C00618251 /* HeartstoneAssessmentTests.swift in Sources */,
			);
			runOnlyForDeploymentPostprocessing = 0;
		};
		50B5738A28E0D09C00618251 /* Sources */ = {
			isa = PBXSourcesBuildPhase;
			buildActionMask = 2147483647;
			files = (
				50B5739328E0D09C00618251 /* HeartstoneAssessmentUITests.swift in Sources */,
				50B5739528E0D09C00618251 /* HeartstoneAssessmentUITestsLaunchTests.swift in Sources */,
			);
			runOnlyForDeploymentPostprocessing = 0;
		};
/* End PBXSourcesBuildPhase section */

/* Begin PBXTargetDependency section */
		50B5738628E0D09C00618251 /* PBXTargetDependency */ = {
			isa = PBXTargetDependency;
			target = 50B5737328E0D09A00618251 /* HeartstoneAssessment */;
			targetProxy = 50B5738528E0D09C00618251 /* PBXContainerItemProxy */;
		};
		50B5739028E0D09C00618251 /* PBXTargetDependency */ = {
			isa = PBXTargetDependency;
			target = 50B5737328E0D09A00618251 /* HeartstoneAssessment */;
			targetProxy = 50B5738F28E0D09C00618251 /* PBXContainerItemProxy */;
		};
/* End PBXTargetDependency section */

/* Begin XCBuildConfiguration section */
		50B5739628E0D09C00618251 /* Debug */ = {
			isa = XCBuildConfiguration;
			buildSettings = {
				ALWAYS_SEARCH_USER_PATHS = NO;
				CLANG_ANALYZER_NONNULL = YES;
				CLANG_ANALYZER_NUMBER_OBJECT_CONVERSION = YES_AGGRESSIVE;
				CLANG_CXX_LANGUAGE_STANDARD = "gnu++20";
				CLANG_ENABLE_MODULES = YES;
				CLANG_ENABLE_OBJC_ARC = YES;
				CLANG_ENABLE_OBJC_WEAK = YES;
				CLANG_WARN_BLOCK_CAPTURE_AUTORELEASING = YES;
				CLANG_WARN_BOOL_CONVERSION = YES;
				CLANG_WARN_COMMA = YES;
				CLANG_WARN_CONSTANT_CONVERSION = YES;
				CLANG_WARN_DEPRECATED_OBJC_IMPLEMENTATIONS = YES;
				CLANG_WARN_DIRECT_OBJC_ISA_USAGE = YES_ERROR;
				CLANG_WARN_DOCUMENTATION_COMMENTS = YES;
				CLANG_WARN_EMPTY_BODY = YES;
				CLANG_WARN_ENUM_CONVERSION = YES;
				CLANG_WARN_INFINITE_RECURSION = YES;
				CLANG_WARN_INT_CONVERSION = YES;
				CLANG_WARN_NON_LITERAL_NULL_CONVERSION = YES;
				CLANG_WARN_OBJC_IMPLICIT_RETAIN_SELF = YES;
				CLANG_WARN_OBJC_LITERAL_CONVERSION = YES;
				CLANG_WARN_OBJC_ROOT_CLASS = YES_ERROR;
				CLANG_WARN_QUOTED_INCLUDE_IN_FRAMEWORK_HEADER = YES;
				CLANG_WARN_RANGE_LOOP_ANALYSIS = YES;
				CLANG_WARN_STRICT_PROTOTYPES = YES;
				CLANG_WARN_SUSPICIOUS_MOVE = YES;
				CLANG_WARN_UNGUARDED_AVAILABILITY = YES_AGGRESSIVE;
				CLANG_WARN_UNREACHABLE_CODE = YES;
				CLANG_WARN__DUPLICATE_METHOD_MATCH = YES;
				COPY_PHASE_STRIP = NO;
				DEBUG_INFORMATION_FORMAT = dwarf;
				ENABLE_STRICT_OBJC_MSGSEND = YES;
				ENABLE_TESTABILITY = YES;
				GCC_C_LANGUAGE_STANDARD = gnu11;
				GCC_DYNAMIC_NO_PIC = NO;
				GCC_NO_COMMON_BLOCKS = YES;
				GCC_OPTIMIZATION_LEVEL = 0;
				GCC_PREPROCESSOR_DEFINITIONS = (
					"DEBUG=1",
					"$(inherited)",
				);
				GCC_WARN_64_TO_32_BIT_CONVERSION = YES;
				GCC_WARN_ABOUT_RETURN_TYPE = YES_ERROR;
				GCC_WARN_UNDECLARED_SELECTOR = YES;
				GCC_WARN_UNINITIALIZED_AUTOS = YES_AGGRESSIVE;
				GCC_WARN_UNUSED_FUNCTION = YES;
				GCC_WARN_UNUSED_VARIABLE = YES;
				IPHONEOS_DEPLOYMENT_TARGET = 16.0;
				MTL_ENABLE_DEBUG_INFO = INCLUDE_SOURCE;
				MTL_FAST_MATH = YES;
				ONLY_ACTIVE_ARCH = YES;
				SDKROOT = iphoneos;
				SWIFT_ACTIVE_COMPILATION_CONDITIONS = DEBUG;
				SWIFT_OPTIMIZATION_LEVEL = "-Onone";
			};
			name = Debug;
		};
		50B5739728E0D09C00618251 /* Release */ = {
			isa = XCBuildConfiguration;
			buildSettings = {
				ALWAYS_SEARCH_USER_PATHS = NO;
				CLANG_ANALYZER_NONNULL = YES;
				CLANG_ANALYZER_NUMBER_OBJECT_CONVERSION = YES_AGGRESSIVE;
				CLANG_CXX_LANGUAGE_STANDARD = "gnu++20";
				CLANG_ENABLE_MODULES = YES;
				CLANG_ENABLE_OBJC_ARC = YES;
				CLANG_ENABLE_OBJC_WEAK = YES;
				CLANG_WARN_BLOCK_CAPTURE_AUTORELEASING = YES;
				CLANG_WARN_BOOL_CONVERSION = YES;
				CLANG_WARN_COMMA = YES;
				CLANG_WARN_CONSTANT_CONVERSION = YES;
				CLANG_WARN_DEPRECATED_OBJC_IMPLEMENTATIONS = YES;
				CLANG_WARN_DIRECT_OBJC_ISA_USAGE = YES_ERROR;
				CLANG_WARN_DOCUMENTATION_COMMENTS = YES;
				CLANG_WARN_EMPTY_BODY = YES;
				CLANG_WARN_ENUM_CONVERSION = YES;
				CLANG_WARN_INFINITE_RECURSION = YES;
				CLANG_WARN_INT_CONVERSION = YES;
				CLANG_WARN_NON_LITERAL_NULL_CONVERSION = YES;
				CLANG_WARN_OBJC_IMPLICIT_RETAIN_SELF = YES;
				CLANG_WARN_OBJC_LITERAL_CONVERSION = YES;
				CLANG_WARN_OBJC_ROOT_CLASS = YES_ERROR;
				CLANG_WARN_QUOTED_INCLUDE_IN_FRAMEWORK_HEADER = YES;
				CLANG_WARN_RANGE_LOOP_ANALYSIS = YES;
				CLANG_WARN_STRICT_PROTOTYPES = YES;
				CLANG_WARN_SUSPICIOUS_MOVE = YES;
				CLANG_WARN_UNGUARDED_AVAILABILITY = YES_AGGRESSIVE;
				CLANG_WARN_UNREACHABLE_CODE = YES;
				CLANG_WARN__DUPLICATE_METHOD_MATCH = YES;
				COPY_PHASE_STRIP = NO;
				DEBUG_INFORMATION_FORMAT = "dwarf-with-dsym";
				ENABLE_NS_ASSERTIONS = NO;
				ENABLE_STRICT_OBJC_MSGSEND = YES;
				GCC_C_LANGUAGE_STANDARD = gnu11;
				GCC_NO_COMMON_BLOCKS = YES;
				GCC_WARN_64_TO_32_BIT_CONVERSION = YES;
				GCC_WARN_ABOUT_RETURN_TYPE = YES_ERROR;
				GCC_WARN_UNDECLARED_SELECTOR = YES;
				GCC_WARN_UNINITIALIZED_AUTOS = YES_AGGRESSIVE;
				GCC_WARN_UNUSED_FUNCTION = YES;
				GCC_WARN_UNUSED_VARIABLE = YES;
				IPHONEOS_DEPLOYMENT_TARGET = 16.0;
				MTL_ENABLE_DEBUG_INFO = NO;
				MTL_FAST_MATH = YES;
				SDKROOT = iphoneos;
				SWIFT_COMPILATION_MODE = wholemodule;
				SWIFT_OPTIMIZATION_LEVEL = "-O";
				VALIDATE_PRODUCT = YES;
			};
			name = Release;
		};
		50B5739928E0D09C00618251 /* Debug */ = {
			isa = XCBuildConfiguration;
			buildSettings = {
				ASSETCATALOG_COMPILER_APPICON_NAME = AppIcon;
				ASSETCATALOG_COMPILER_GLOBAL_ACCENT_COLOR_NAME = AccentColor;
				CODE_SIGN_STYLE = Automatic;
				CURRENT_PROJECT_VERSION = 1;
				DEVELOPMENT_ASSET_PATHS = "\"HeartstoneAssessment/Preview Content\"";
				DEVELOPMENT_TEAM = W7R6ZCLV57;
				ENABLE_PREVIEWS = YES;
				GENERATE_INFOPLIST_FILE = YES;
				INFOPLIST_FILE = HeartstoneAssessment/Info.plist;
				INFOPLIST_KEY_UIApplicationSceneManifest_Generation = YES;
				INFOPLIST_KEY_UIApplicationSupportsIndirectInputEvents = YES;
				INFOPLIST_KEY_UILaunchScreen_Generation = YES;
				INFOPLIST_KEY_UISupportedInterfaceOrientations_iPad = "UIInterfaceOrientationPortrait UIInterfaceOrientationPortraitUpsideDown UIInterfaceOrientationLandscapeLeft UIInterfaceOrientationLandscapeRight";
				INFOPLIST_KEY_UISupportedInterfaceOrientations_iPhone = "UIInterfaceOrientationPortrait UIInterfaceOrientationLandscapeLeft UIInterfaceOrientationLandscapeRight";
				LD_RUNPATH_SEARCH_PATHS = (
					"$(inherited)",
					"@executable_path/Frameworks",
				);
				MARKETING_VERSION = 1.0;
				PRODUCT_BUNDLE_IDENTIFIER = atme.HeartstoneAssessment;
				PRODUCT_NAME = "$(TARGET_NAME)";
				SWIFT_EMIT_LOC_STRINGS = YES;
				SWIFT_VERSION = 5.0;
				TARGETED_DEVICE_FAMILY = "1,2";
			};
			name = Debug;
		};
		50B5739A28E0D09C00618251 /* Release */ = {
			isa = XCBuildConfiguration;
			buildSettings = {
				ASSETCATALOG_COMPILER_APPICON_NAME = AppIcon;
				ASSETCATALOG_COMPILER_GLOBAL_ACCENT_COLOR_NAME = AccentColor;
				CODE_SIGN_STYLE = Automatic;
				CURRENT_PROJECT_VERSION = 1;
				DEVELOPMENT_ASSET_PATHS = "\"HeartstoneAssessment/Preview Content\"";
				DEVELOPMENT_TEAM = W7R6ZCLV57;
				ENABLE_PREVIEWS = YES;
				GENERATE_INFOPLIST_FILE = YES;
				INFOPLIST_FILE = HeartstoneAssessment/Info.plist;
				INFOPLIST_KEY_UIApplicationSceneManifest_Generation = YES;
				INFOPLIST_KEY_UIApplicationSupportsIndirectInputEvents = YES;
				INFOPLIST_KEY_UILaunchScreen_Generation = YES;
				INFOPLIST_KEY_UISupportedInterfaceOrientations_iPad = "UIInterfaceOrientationPortrait UIInterfaceOrientationPortraitUpsideDown UIInterfaceOrientationLandscapeLeft UIInterfaceOrientationLandscapeRight";
				INFOPLIST_KEY_UISupportedInterfaceOrientations_iPhone = "UIInterfaceOrientationPortrait UIInterfaceOrientationLandscapeLeft UIInterfaceOrientationLandscapeRight";
				LD_RUNPATH_SEARCH_PATHS = (
					"$(inherited)",
					"@executable_path/Frameworks",
				);
				MARKETING_VERSION = 1.0;
				PRODUCT_BUNDLE_IDENTIFIER = atme.HeartstoneAssessment;
				PRODUCT_NAME = "$(TARGET_NAME)";
				SWIFT_EMIT_LOC_STRINGS = YES;
				SWIFT_VERSION = 5.0;
				TARGETED_DEVICE_FAMILY = "1,2";
			};
			name = Release;
		};
		50B5739C28E0D09C00618251 /* Debug */ = {
			isa = XCBuildConfiguration;
			buildSettings = {
				ALWAYS_EMBED_SWIFT_STANDARD_LIBRARIES = YES;
				BUNDLE_LOADER = "$(TEST_HOST)";
				CODE_SIGN_STYLE = Automatic;
				CURRENT_PROJECT_VERSION = 1;
				DEVELOPMENT_TEAM = W7R6ZCLV57;
				GENERATE_INFOPLIST_FILE = YES;
				IPHONEOS_DEPLOYMENT_TARGET = 16.0;
				MARKETING_VERSION = 1.0;
				PRODUCT_BUNDLE_IDENTIFIER = atme.HeartstoneAssessmentTests;
				PRODUCT_NAME = "$(TARGET_NAME)";
				SWIFT_EMIT_LOC_STRINGS = NO;
				SWIFT_VERSION = 5.0;
				TARGETED_DEVICE_FAMILY = "1,2";
				TEST_HOST = "$(BUILT_PRODUCTS_DIR)/HeartstoneAssessment.app/$(BUNDLE_EXECUTABLE_FOLDER_PATH)/HeartstoneAssessment";
			};
			name = Debug;
		};
		50B5739D28E0D09C00618251 /* Release */ = {
			isa = XCBuildConfiguration;
			buildSettings = {
				ALWAYS_EMBED_SWIFT_STANDARD_LIBRARIES = YES;
				BUNDLE_LOADER = "$(TEST_HOST)";
				CODE_SIGN_STYLE = Automatic;
				CURRENT_PROJECT_VERSION = 1;
				DEVELOPMENT_TEAM = W7R6ZCLV57;
				GENERATE_INFOPLIST_FILE = YES;
				IPHONEOS_DEPLOYMENT_TARGET = 16.0;
				MARKETING_VERSION = 1.0;
				PRODUCT_BUNDLE_IDENTIFIER = atme.HeartstoneAssessmentTests;
				PRODUCT_NAME = "$(TARGET_NAME)";
				SWIFT_EMIT_LOC_STRINGS = NO;
				SWIFT_VERSION = 5.0;
				TARGETED_DEVICE_FAMILY = "1,2";
				TEST_HOST = "$(BUILT_PRODUCTS_DIR)/HeartstoneAssessment.app/$(BUNDLE_EXECUTABLE_FOLDER_PATH)/HeartstoneAssessment";
			};
			name = Release;
		};
		50B5739F28E0D09C00618251 /* Debug */ = {
			isa = XCBuildConfiguration;
			buildSettings = {
				ALWAYS_EMBED_SWIFT_STANDARD_LIBRARIES = YES;
				CODE_SIGN_STYLE = Automatic;
				CURRENT_PROJECT_VERSION = 1;
				DEVELOPMENT_TEAM = W7R6ZCLV57;
				GENERATE_INFOPLIST_FILE = YES;
				MARKETING_VERSION = 1.0;
				PRODUCT_BUNDLE_IDENTIFIER = atme.HeartstoneAssessmentUITests;
				PRODUCT_NAME = "$(TARGET_NAME)";
				SWIFT_EMIT_LOC_STRINGS = NO;
				SWIFT_VERSION = 5.0;
				TARGETED_DEVICE_FAMILY = "1,2";
				TEST_TARGET_NAME = HeartstoneAssessment;
			};
			name = Debug;
		};
		50B573A028E0D09C00618251 /* Release */ = {
			isa = XCBuildConfiguration;
			buildSettings = {
				ALWAYS_EMBED_SWIFT_STANDARD_LIBRARIES = YES;
				CODE_SIGN_STYLE = Automatic;
				CURRENT_PROJECT_VERSION = 1;
				DEVELOPMENT_TEAM = W7R6ZCLV57;
				GENERATE_INFOPLIST_FILE = YES;
				MARKETING_VERSION = 1.0;
				PRODUCT_BUNDLE_IDENTIFIER = atme.HeartstoneAssessmentUITests;
				PRODUCT_NAME = "$(TARGET_NAME)";
				SWIFT_EMIT_LOC_STRINGS = NO;
				SWIFT_VERSION = 5.0;
				TARGETED_DEVICE_FAMILY = "1,2";
				TEST_TARGET_NAME = HeartstoneAssessment;
			};
			name = Release;
		};
/* End XCBuildConfiguration section */

/* Begin XCConfigurationList section */
		50B5736F28E0D09A00618251 /* Build configuration list for PBXProject "HeartstoneAssessment" */ = {
			isa = XCConfigurationList;
			buildConfigurations = (
				50B5739628E0D09C00618251 /* Debug */,
				50B5739728E0D09C00618251 /* Release */,
			);
			defaultConfigurationIsVisible = 0;
			defaultConfigurationName = Release;
		};
		50B5739828E0D09C00618251 /* Build configuration list for PBXNativeTarget "HeartstoneAssessment" */ = {
			isa = XCConfigurationList;
			buildConfigurations = (
				50B5739928E0D09C00618251 /* Debug */,
				50B5739A28E0D09C00618251 /* Release */,
			);
			defaultConfigurationIsVisible = 0;
			defaultConfigurationName = Release;
		};
		50B5739B28E0D09C00618251 /* Build configuration list for PBXNativeTarget "HeartstoneAssessmentTests" */ = {
			isa = XCConfigurationList;
			buildConfigurations = (
				50B5739C28E0D09C00618251 /* Debug */,
				50B5739D28E0D09C00618251 /* Release */,
			);
			defaultConfigurationIsVisible = 0;
			defaultConfigurationName = Release;
		};
		50B5739E28E0D09C00618251 /* Build configuration list for PBXNativeTarget "HeartstoneAssessmentUITests" */ = {
			isa = XCConfigurationList;
			buildConfigurations = (
				50B5739F28E0D09C00618251 /* Debug */,
				50B573A028E0D09C00618251 /* Release */,
			);
			defaultConfigurationIsVisible = 0;
			defaultConfigurationName = Release;
		};
/* End XCConfigurationList section */
	};
	rootObject = 50B5736C28E0D09A00618251 /* Project object */;
}
